{
	"name": "electric-io",
	"version": "0.1.0",
	"lockfileVersion": 1,
	"requires": true,
	"dependencies": {
		"accepts": {
			"version": "1.3.4",
			"resolved": "https://registry.npmjs.org/accepts/-/accepts-1.3.4.tgz",
			"integrity": "sha1-hiRnWMfdbSGmR0/whKR0DsBesh8=",
			"requires": {
				"mime-types": "2.1.18",
				"negotiator": "0.6.1"
			}
		},
		"after": {
			"version": "0.8.2",
			"resolved": "https://registry.npmjs.org/after/-/after-0.8.2.tgz",
			"integrity": "sha1-/ts5T58OAqqXaOcCvaI7UF+ufh8="
		},
		"amqp10": {
			"version": "3.5.0",
			"resolved": "https://registry.npmjs.org/amqp10/-/amqp10-3.5.0.tgz",
			"integrity": "sha1-FFAfHQi51DG3++dpc+i3xkgB2DA=",
			"requires": {
				"bl": "1.2.1",
				"bluebird": "3.5.1",
				"buffer-builder": "0.2.0",
				"debug": "2.6.9",
				"lodash": "4.17.5",
				"node-int64": "0.4.0",
				"stately.js": "1.3.0"
			}
		},
		"amqp10-transport-ws": {
			"version": "0.0.5",
			"resolved": "https://registry.npmjs.org/amqp10-transport-ws/-/amqp10-transport-ws-0.0.5.tgz",
			"integrity": "sha1-sPgnwkrU4YFSi8uy3s63H0oTKZk=",
			"requires": {
				"nodejs-websocket": "1.7.1"
			}
		},
		"array-flatten": {
			"version": "1.1.1",
			"resolved": "https://registry.npmjs.org/array-flatten/-/array-flatten-1.1.1.tgz",
			"integrity": "sha1-ml9pkFGx5wczKPKgCJaLZOopVdI="
		},
		"arraybuffer.slice": {
			"version": "0.0.7",
			"resolved": "https://registry.npmjs.org/arraybuffer.slice/-/arraybuffer.slice-0.0.7.tgz",
			"integrity": "sha512-wGUIVQXuehL5TCqQun8OW81jGzAWycqzFF8lFp+GOM5BXLYj3bKNsYC4daB7n6XjCqxQA/qgTJ+8ANR3acjrog=="
		},
		"async": {
			"version": "2.6.0",
			"resolved": "https://registry.npmjs.org/async/-/async-2.6.0.tgz",
			"integrity": "sha512-xAfGg1/NTLBBKlHFmnd7PlmUW9KhVQIUuSrYem9xzFUZy13ScvtyGGejaae9iAVRiRq9+Cx7DPFaAAhCpyxyPw==",
			"requires": {
				"lodash": "4.17.5"
			}
		},
		"async-limiter": {
			"version": "1.0.0",
			"resolved": "https://registry.npmjs.org/async-limiter/-/async-limiter-1.0.0.tgz",
			"integrity": "sha512-jp/uFnooOiO+L211eZOoSyzpOITMXx1rBITauYykG3BRYPu8h0UcxsPNB04RR5vo4Tyz3+ay17tR6JVf9qzYWg=="
		},
		"azure-event-hubs": {
			"version": "0.0.8",
			"resolved": "https://registry.npmjs.org/azure-event-hubs/-/azure-event-hubs-0.0.8.tgz",
			"integrity": "sha1-MebCXbp0cj10QdZpCncDzpq1Cso=",
			"requires": {
				"amqp10": "3.5.0",
				"azure-iot-common": "1.1.3",
				"bluebird": "3.5.1",
				"uuid": "3.2.1"
			}
		},
		"azure-iot-amqp-base": {
			"version": "1.4.1",
			"resolved": "https://registry.npmjs.org/azure-iot-amqp-base/-/azure-iot-amqp-base-1.4.1.tgz",
			"integrity": "sha512-zCO5kpk0/hkz7eWGW1fVwt60CKV+BhUzRGvqSaA5hxoWRDiLRecb3ZLEPZTZ+ESpeApNyTKDikgy/mvov0KGqA==",
			"requires": {
				"amqp10": "3.6.0",
				"amqp10-transport-ws": "0.0.5",
				"async": "2.6.0",
				"azure-iot-common": "1.4.1",
				"bluebird": "3.5.1",
				"debug": "3.1.0",
				"machina": "2.0.2",
				"uuid": "3.2.1"
			},
			"dependencies": {
				"amqp10": {
					"version": "3.6.0",
					"resolved": "https://registry.npmjs.org/amqp10/-/amqp10-3.6.0.tgz",
					"integrity": "sha512-o8Agnjuf4ve+aT1IExkTLeL5/rAqxvL4gqDkO06AfRlL9SRSklMMMzKqmPsVjcV5ySOVEQqyFUOAhI3wm3KT1A==",
					"requires": {
						"bl": "1.2.1",
						"bluebird": "3.5.1",
						"buffer-builder": "0.2.0",
						"debug": "2.6.9",
						"lodash": "4.17.5",
						"node-int64": "0.4.0",
						"stately.js": "1.3.0"
					},
					"dependencies": {
						"debug": {
							"version": "2.6.9",
							"resolved": "https://registry.npmjs.org/debug/-/debug-2.6.9.tgz",
							"integrity": "sha512-bC7ElrdJaJnPbAP+1EotYvqZsb3ecl5wi6Bfi6BJTUcNowp6cvspg0jXznRTKDjm/E7AdgFBVeAPVMNcKGsHMA==",
							"requires": {
								"ms": "2.0.0"
							}
						}
					}
				},
				"azure-iot-common": {
					"version": "1.4.1",
					"resolved": "https://registry.npmjs.org/azure-iot-common/-/azure-iot-common-1.4.1.tgz",
					"integrity": "sha512-72mM5UhOk2m3P1xVuIOXx8/CWVfR6MugdHjiDQUDx089/SVuzF7qKJA0bozekFcwUQOuYCFIHnRL/wOQY2ce9w=="
				},
				"debug": {
					"version": "3.1.0",
					"resolved": "https://registry.npmjs.org/debug/-/debug-3.1.0.tgz",
					"integrity": "sha512-OX8XqP7/1a9cqkxYw2yXss15f26NKWBpDXQd0/uK/KPqdQhxbPa994hnzjcE2VqQpDslf55723cKPUOGSmMY3g==",
					"requires": {
						"ms": "2.0.0"
					}
				}
			}
		},
		"azure-iot-common": {
			"version": "1.1.3",
			"resolved": "https://registry.npmjs.org/azure-iot-common/-/azure-iot-common-1.1.3.tgz",
			"integrity": "sha1-qNPp9/HZiHe34GqVsO7KCu+ufR4=",
			"requires": {
				"crypto": "0.0.3"
			}
		},
		"azure-iot-http-base": {
			"version": "1.3.2",
			"resolved": "https://registry.npmjs.org/azure-iot-http-base/-/azure-iot-http-base-1.3.2.tgz",
			"integrity": "sha512-MBbfgZoZSEFq7I/MNDhdwWeWMdzm3g0zcGsXUidRgxd15aKpDbvxjARGeNhw22WK1WbamzsRgEGMLB4rXa2mLg==",
			"requires": {
				"azure-iot-common": "1.4.1",
				"debug": "3.1.0",
				"uuid": "3.2.1"
			},
			"dependencies": {
				"azure-iot-common": {
					"version": "1.4.1",
					"resolved": "https://registry.npmjs.org/azure-iot-common/-/azure-iot-common-1.4.1.tgz",
					"integrity": "sha512-72mM5UhOk2m3P1xVuIOXx8/CWVfR6MugdHjiDQUDx089/SVuzF7qKJA0bozekFcwUQOuYCFIHnRL/wOQY2ce9w=="
				},
				"debug": {
					"version": "3.1.0",
					"resolved": "https://registry.npmjs.org/debug/-/debug-3.1.0.tgz",
					"integrity": "sha512-OX8XqP7/1a9cqkxYw2yXss15f26NKWBpDXQd0/uK/KPqdQhxbPa994hnzjcE2VqQpDslf55723cKPUOGSmMY3g==",
					"requires": {
						"ms": "2.0.0"
					}
				}
			}
		},
		"azure-iothub": {
			"version": "1.2.5",
			"resolved": "https://registry.npmjs.org/azure-iothub/-/azure-iothub-1.2.5.tgz",
			"integrity": "sha512-svbXriSufIxKF96lh8X2EpdCFQmr+qAnim5wNXU7nH2N2grBg5rDCqL9xvDhyB+vKwFNxCI/cXTyoFqo3uxdyA==",
			"requires": {
				"async": "2.6.0",
				"azure-iot-amqp-base": "1.4.1",
				"azure-iot-common": "1.4.1",
				"azure-iot-http-base": "1.3.2",
				"debug": "3.1.0",
				"lodash": "4.17.5",
				"machina": "2.0.2"
			},
			"dependencies": {
				"azure-iot-common": {
					"version": "1.4.1",
					"resolved": "https://registry.npmjs.org/azure-iot-common/-/azure-iot-common-1.4.1.tgz",
					"integrity": "sha512-72mM5UhOk2m3P1xVuIOXx8/CWVfR6MugdHjiDQUDx089/SVuzF7qKJA0bozekFcwUQOuYCFIHnRL/wOQY2ce9w=="
				},
				"debug": {
					"version": "3.1.0",
					"resolved": "https://registry.npmjs.org/debug/-/debug-3.1.0.tgz",
					"integrity": "sha512-OX8XqP7/1a9cqkxYw2yXss15f26NKWBpDXQd0/uK/KPqdQhxbPa994hnzjcE2VqQpDslf55723cKPUOGSmMY3g==",
					"requires": {
						"ms": "2.0.0"
					}
				}
			}
		},
		"azure-iothub-receiver": {
			"version": "2.0.0",
			"resolved": "https://registry.npmjs.org/azure-iothub-receiver/-/azure-iothub-receiver-2.0.0.tgz",
			"integrity": "sha512-u7bpO7dmYl3qh2B7vQGdCgcNoCai98mO+RG0gnkL/PHMGsADfHGyppAJ+XpjQ5dp8jQcyXLIjrsSSPdK8m1DLA==",
			"requires": {
				"azure-event-hubs": "0.0.8"
			}
		},
		"backo2": {
			"version": "1.0.2",
			"resolved": "https://registry.npmjs.org/backo2/-/backo2-1.0.2.tgz",
			"integrity": "sha1-MasayLEpNjRj41s+u2n038+6eUc="
		},
		"base64-arraybuffer": {
			"version": "0.1.5",
			"resolved": "https://registry.npmjs.org/base64-arraybuffer/-/base64-arraybuffer-0.1.5.tgz",
			"integrity": "sha1-c5JncZI7Whl0etZmqlzUv5xunOg="
		},
		"base64id": {
			"version": "1.0.0",
			"resolved": "https://registry.npmjs.org/base64id/-/base64id-1.0.0.tgz",
			"integrity": "sha1-R2iMuZu2gE8OBtPnY7HDLlfY5rY="
		},
		"better-assert": {
			"version": "1.0.2",
			"resolved": "https://registry.npmjs.org/better-assert/-/better-assert-1.0.2.tgz",
			"integrity": "sha1-QIZrnhueC1W0gYlDEeaPr/rrxSI=",
			"requires": {
				"callsite": "1.0.0"
			}
		},
		"bl": {
			"version": "1.2.1",
			"resolved": "https://registry.npmjs.org/bl/-/bl-1.2.1.tgz",
			"integrity": "sha1-ysMo977kVzDUBLaSID/LWQ4XLV4=",
			"requires": {
				"readable-stream": "2.3.4"
			}
		},
		"blob": {
			"version": "0.0.4",
			"resolved": "https://registry.npmjs.org/blob/-/blob-0.0.4.tgz",
			"integrity": "sha1-vPEwUspURj8w+fx+lbmkdjCpSSE="
		},
		"bluebird": {
			"version": "3.5.1",
			"resolved": "https://registry.npmjs.org/bluebird/-/bluebird-3.5.1.tgz",
			"integrity": "sha512-MKiLiV+I1AA596t9w1sQJ8jkiSr5+ZKi0WKrYGUn6d1Fx+Ij4tIj+m2WMQSGczs5jZVxV339chE8iwk6F64wjA=="
		},
		"body-parser": {
			"version": "1.18.2",
			"resolved": "https://registry.npmjs.org/body-parser/-/body-parser-1.18.2.tgz",
			"integrity": "sha1-h2eKGdhLR9hZuDGZvVm84iKxBFQ=",
			"requires": {
				"bytes": "3.0.0",
				"content-type": "1.0.4",
				"debug": "2.6.9",
				"depd": "1.1.2",
				"http-errors": "1.6.2",
				"iconv-lite": "0.4.19",
				"on-finished": "2.3.0",
				"qs": "6.5.1",
				"raw-body": "2.3.2",
				"type-is": "1.6.16"
			}
		},
		"buffer-builder": {
			"version": "0.2.0",
			"resolved": "https://registry.npmjs.org/buffer-builder/-/buffer-builder-0.2.0.tgz",
			"integrity": "sha1-MyLNMH2Cltqx9gRhhZOyYaP63o8="
		},
		"bytes": {
			"version": "3.0.0",
			"resolved": "https://registry.npmjs.org/bytes/-/bytes-3.0.0.tgz",
			"integrity": "sha1-0ygVQE1olpn4Wk6k+odV3ROpYEg="
		},
		"callsite": {
			"version": "1.0.0",
			"resolved": "https://registry.npmjs.org/callsite/-/callsite-1.0.0.tgz",
			"integrity": "sha1-KAOY5dZkvXQDi28JBRU+borxvCA="
		},
		"component-bind": {
			"version": "1.0.0",
			"resolved": "https://registry.npmjs.org/component-bind/-/component-bind-1.0.0.tgz",
			"integrity": "sha1-AMYIq33Nk4l8AAllGx06jh5zu9E="
		},
		"component-emitter": {
			"version": "1.2.1",
			"resolved": "https://registry.npmjs.org/component-emitter/-/component-emitter-1.2.1.tgz",
			"integrity": "sha1-E3kY1teCg/ffemt8WmPhQOaUJeY="
		},
		"component-inherit": {
			"version": "0.0.3",
			"resolved": "https://registry.npmjs.org/component-inherit/-/component-inherit-0.0.3.tgz",
			"integrity": "sha1-ZF/ErfWLcrZJ1crmUTVhnbJv8UM="
		},
		"content-disposition": {
			"version": "0.5.2",
			"resolved": "https://registry.npmjs.org/content-disposition/-/content-disposition-0.5.2.tgz",
			"integrity": "sha1-DPaLud318r55YcOoUXjLhdunjLQ="
		},
		"content-type": {
			"version": "1.0.4",
			"resolved": "https://registry.npmjs.org/content-type/-/content-type-1.0.4.tgz",
			"integrity": "sha512-hIP3EEPs8tB9AT1L+NUqtwOAps4mk2Zob89MWXMHjHWg9milF/j4osnnQLXBCBFBk/tvIG/tUc9mOUJiPBhPXA=="
		},
		"cookie": {
			"version": "0.3.1",
			"resolved": "https://registry.npmjs.org/cookie/-/cookie-0.3.1.tgz",
			"integrity": "sha1-5+Ch+e9DtMi6klxcWpboBtFoc7s="
		},
		"cookie-signature": {
			"version": "1.0.6",
			"resolved": "https://registry.npmjs.org/cookie-signature/-/cookie-signature-1.0.6.tgz",
			"integrity": "sha1-4wOogrNCzD7oylE6eZmXNNqzriw="
		},
		"core-util-is": {
			"version": "1.0.2",
			"resolved": "https://registry.npmjs.org/core-util-is/-/core-util-is-1.0.2.tgz",
			"integrity": "sha1-tf1UIgqivFq1eqtxQMlAdUUDwac="
		},
		"crypto": {
			"version": "0.0.3",
			"resolved": "https://registry.npmjs.org/crypto/-/crypto-0.0.3.tgz",
			"integrity": "sha1-RwqBuGvkxe4XrMggeh9TFa4g27A="
		},
		"debug": {
			"version": "2.6.9",
			"resolved": "https://registry.npmjs.org/debug/-/debug-2.6.9.tgz",
			"integrity": "sha512-bC7ElrdJaJnPbAP+1EotYvqZsb3ecl5wi6Bfi6BJTUcNowp6cvspg0jXznRTKDjm/E7AdgFBVeAPVMNcKGsHMA==",
			"requires": {
				"ms": "2.0.0"
			}
		},
		"depd": {
			"version": "1.1.2",
			"resolved": "https://registry.npmjs.org/depd/-/depd-1.1.2.tgz",
			"integrity": "sha1-m81S4UwJd2PnSbJ0xDRu0uVgtak="
		},
		"destroy": {
			"version": "1.0.4",
			"resolved": "https://registry.npmjs.org/destroy/-/destroy-1.0.4.tgz",
			"integrity": "sha1-l4hXRCxEdJ5CBmE+N5RiBYJqvYA="
		},
		"dotenv": {
			"version": "5.0.0",
			"resolved": "https://registry.npmjs.org/dotenv/-/dotenv-5.0.0.tgz",
			"integrity": "sha512-p4A7snaxI9Hnj3GDWhTpckHYcd9WwZDmGPcvJJV3CoRFq0Dvsp96eYgXBl9WbmbJfuxqiZ2WenNaeWSs675ghQ=="
		},
		"ee-first": {
			"version": "1.1.1",
			"resolved": "https://registry.npmjs.org/ee-first/-/ee-first-1.1.1.tgz",
			"integrity": "sha1-WQxhFWsK4vTwJVcyoViyZrxWsh0="
		},
		"encodeurl": {
			"version": "1.0.2",
			"resolved": "https://registry.npmjs.org/encodeurl/-/encodeurl-1.0.2.tgz",
			"integrity": "sha1-rT/0yG7C0CkyL1oCw6mmBslbP1k="
		},
		"engine.io": {
			"version": "3.1.5",
			"resolved": "https://registry.npmjs.org/engine.io/-/engine.io-3.1.5.tgz",
			"integrity": "sha512-D06ivJkYxyRrcEe0bTpNnBQNgP9d3xog+qZlLbui8EsMr/DouQpf5o9FzJnWYHEYE0YsFHllUv2R1dkgYZXHcA==",
			"requires": {
				"accepts": "1.3.4",
				"base64id": "1.0.0",
				"cookie": "0.3.1",
				"debug": "3.1.0",
				"engine.io-parser": "2.1.2",
				"uws": "9.14.0",
				"ws": "3.3.3"
			},
			"dependencies": {
				"debug": {
					"version": "3.1.0",
					"resolved": "https://registry.npmjs.org/debug/-/debug-3.1.0.tgz",
					"integrity": "sha512-OX8XqP7/1a9cqkxYw2yXss15f26NKWBpDXQd0/uK/KPqdQhxbPa994hnzjcE2VqQpDslf55723cKPUOGSmMY3g==",
					"requires": {
						"ms": "2.0.0"
					}
				}
			}
		},
		"engine.io-client": {
			"version": "3.1.5",
			"resolved": "https://registry.npmjs.org/engine.io-client/-/engine.io-client-3.1.5.tgz",
			"integrity": "sha512-Rv9vgb83zrNVhRircUXHi4mtbJhgy2oWtJOCZEbCLFs2HiDSWmh/aOEj8TwoKsn8zXGqTuQuPSoU4v3E10bR6A==",
			"requires": {
				"component-emitter": "1.2.1",
				"component-inherit": "0.0.3",
				"debug": "3.1.0",
				"engine.io-parser": "2.1.2",
				"has-cors": "1.1.0",
				"indexof": "0.0.1",
				"parseqs": "0.0.5",
				"parseuri": "0.0.5",
				"ws": "3.3.3",
				"xmlhttprequest-ssl": "1.5.5",
				"yeast": "0.1.2"
			},
			"dependencies": {
				"debug": {
					"version": "3.1.0",
					"resolved": "https://registry.npmjs.org/debug/-/debug-3.1.0.tgz",
					"integrity": "sha512-OX8XqP7/1a9cqkxYw2yXss15f26NKWBpDXQd0/uK/KPqdQhxbPa994hnzjcE2VqQpDslf55723cKPUOGSmMY3g==",
					"requires": {
						"ms": "2.0.0"
					}
				}
			}
		},
		"engine.io-parser": {
			"version": "2.1.2",
			"resolved": "https://registry.npmjs.org/engine.io-parser/-/engine.io-parser-2.1.2.tgz",
			"integrity": "sha512-dInLFzr80RijZ1rGpx1+56/uFoH7/7InhH3kZt+Ms6hT8tNx3NGW/WNSA/f8As1WkOfkuyb3tnRyuXGxusclMw==",
			"requires": {
				"after": "0.8.2",
				"arraybuffer.slice": "0.0.7",
				"base64-arraybuffer": "0.1.5",
				"blob": "0.0.4",
				"has-binary2": "1.0.2"
			}
		},
		"escape-html": {
			"version": "1.0.3",
			"resolved": "https://registry.npmjs.org/escape-html/-/escape-html-1.0.3.tgz",
			"integrity": "sha1-Aljq5NPQwJdN4cFpGI7wBR0dGYg="
		},
		"etag": {
			"version": "1.8.1",
			"resolved": "https://registry.npmjs.org/etag/-/etag-1.8.1.tgz",
			"integrity": "sha1-Qa4u62XvpiJorr/qg6x9eSmbCIc="
		},
		"express": {
			"version": "4.16.2",
			"resolved": "https://registry.npmjs.org/express/-/express-4.16.2.tgz",
			"integrity": "sha1-41xt/i1kt9ygpc1PIXgb4ymeB2w=",
			"requires": {
				"accepts": "1.3.4",
				"array-flatten": "1.1.1",
				"body-parser": "1.18.2",
				"content-disposition": "0.5.2",
				"content-type": "1.0.4",
				"cookie": "0.3.1",
				"cookie-signature": "1.0.6",
				"debug": "2.6.9",
				"depd": "1.1.2",
				"encodeurl": "1.0.2",
				"escape-html": "1.0.3",
				"etag": "1.8.1",
				"finalhandler": "1.1.0",
				"fresh": "0.5.2",
				"merge-descriptors": "1.0.1",
				"methods": "1.1.2",
				"on-finished": "2.3.0",
				"parseurl": "1.3.2",
				"path-to-regexp": "0.1.7",
				"proxy-addr": "2.0.2",
				"qs": "6.5.1",
				"range-parser": "1.2.0",
				"safe-buffer": "5.1.1",
				"send": "0.16.1",
				"serve-static": "1.13.1",
				"setprototypeof": "1.1.0",
				"statuses": "1.3.1",
				"type-is": "1.6.16",
				"utils-merge": "1.0.1",
				"vary": "1.1.2"
			}
		},
		"finalhandler": {
			"version": "1.1.0",
			"resolved": "https://registry.npmjs.org/finalhandler/-/finalhandler-1.1.0.tgz",
			"integrity": "sha1-zgtoVbRYU+eRsvzGgARtiCU91/U=",
			"requires": {
				"debug": "2.6.9",
				"encodeurl": "1.0.2",
				"escape-html": "1.0.3",
				"on-finished": "2.3.0",
				"parseurl": "1.3.2",
				"statuses": "1.3.1",
				"unpipe": "1.0.0"
			}
		},
		"forwarded": {
			"version": "0.1.2",
			"resolved": "https://registry.npmjs.org/forwarded/-/forwarded-0.1.2.tgz",
			"integrity": "sha1-mMI9qxF1ZXuMBXPozszZGw/xjIQ="
		},
		"fresh": {
			"version": "0.5.2",
			"resolved": "https://registry.npmjs.org/fresh/-/fresh-0.5.2.tgz",
			"integrity": "sha1-PYyt2Q2XZWn6g1qx+OSyOhBWBac="
		},
		"has-binary2": {
			"version": "1.0.2",
			"resolved": "https://registry.npmjs.org/has-binary2/-/has-binary2-1.0.2.tgz",
			"integrity": "sha1-6D26SfC5vk0CbSc2U1DZ8D9Uvpg=",
			"requires": {
				"isarray": "2.0.1"
			},
			"dependencies": {
				"isarray": {
					"version": "2.0.1",
					"resolved": "https://registry.npmjs.org/isarray/-/isarray-2.0.1.tgz",
					"integrity": "sha1-o32U7ZzaLVmGXJ92/llu4fM4dB4="
				}
			}
		},
		"has-cors": {
			"version": "1.1.0",
			"resolved": "https://registry.npmjs.org/has-cors/-/has-cors-1.1.0.tgz",
			"integrity": "sha1-XkdHk/fqmEPRu5nCPu9J/xJv/zk="
		},
		"http-errors": {
			"version": "1.6.2",
			"resolved": "https://registry.npmjs.org/http-errors/-/http-errors-1.6.2.tgz",
			"integrity": "sha1-CgAsyFcHGSp+eUbO7cERVfYOxzY=",
			"requires": {
				"depd": "1.1.1",
				"inherits": "2.0.3",
				"setprototypeof": "1.0.3",
				"statuses": "1.3.1"
			},
			"dependencies": {
				"depd": {
					"version": "1.1.1",
					"resolved": "https://registry.npmjs.org/depd/-/depd-1.1.1.tgz",
					"integrity": "sha1-V4O04cRZ8G+lyif5kfPQbnoxA1k="
				},
				"setprototypeof": {
					"version": "1.0.3",
					"resolved": "https://registry.npmjs.org/setprototypeof/-/setprototypeof-1.0.3.tgz",
					"integrity": "sha1-ZlZ+NwQ+608E2RvWWMDL77VbjgQ="
				}
			}
		},
		"iconv-lite": {
			"version": "0.4.19",
			"resolved": "https://registry.npmjs.org/iconv-lite/-/iconv-lite-0.4.19.tgz",
			"integrity": "sha512-oTZqweIP51xaGPI4uPa56/Pri/480R+mo7SeU+YETByQNhDG55ycFyNLIgta9vXhILrxXDmF7ZGhqZIcuN0gJQ=="
		},
		"indexof": {
			"version": "0.0.1",
			"resolved": "https://registry.npmjs.org/indexof/-/indexof-0.0.1.tgz",
			"integrity": "sha1-gtwzbSMrkGIXnQWrMpOmYFn9Q10="
		},
		"inherits": {
			"version": "2.0.3",
			"resolved": "https://registry.npmjs.org/inherits/-/inherits-2.0.3.tgz",
			"integrity": "sha1-Yzwsg+PaQqUC9SRmAiSA9CCCYd4="
		},
		"ipaddr.js": {
			"version": "1.5.2",
			"resolved": "https://registry.npmjs.org/ipaddr.js/-/ipaddr.js-1.5.2.tgz",
			"integrity": "sha1-1LUFvemUaYfM8PxY2QEP+WB+P6A="
		},
		"isarray": {
			"version": "1.0.0",
			"resolved": "https://registry.npmjs.org/isarray/-/isarray-1.0.0.tgz",
			"integrity": "sha1-u5NdSFgsuhaMBoNJV6VKPgcSTxE="
		},
		"lodash": {
			"version": "4.17.5",
			"resolved": "https://registry.npmjs.org/lodash/-/lodash-4.17.5.tgz",
			"integrity": "sha512-svL3uiZf1RwhH+cWrfZn3A4+U58wbP0tGVTLQPbjplZxZ8ROD9VLuNgsRniTlLe7OlSqR79RUehXgpBW/s0IQw=="
		},
		"machina": {
			"version": "2.0.2",
			"resolved": "https://registry.npmjs.org/machina/-/machina-2.0.2.tgz",
			"integrity": "sha512-9U9g4eQjQ2JARX7h/051r65EQEfFfpPxoSjVmUMJG6gnfjVjM+rjwVLoq7Z9NovjYm7AR3oTWWPtHVlgeSZzYw==",
			"requires": {
				"lodash": "3.10.1"
			},
			"dependencies": {
				"lodash": {
					"version": "3.10.1",
					"resolved": "https://registry.npmjs.org/lodash/-/lodash-3.10.1.tgz",
					"integrity": "sha1-W/Rejkm6QYnhfUgnid/RW9FAt7Y="
				}
			}
		},
		"media-typer": {
			"version": "0.3.0",
			"resolved": "https://registry.npmjs.org/media-typer/-/media-typer-0.3.0.tgz",
			"integrity": "sha1-hxDXrwqmJvj/+hzgAWhUUmMlV0g="
		},
		"merge-descriptors": {
			"version": "1.0.1",
			"resolved": "https://registry.npmjs.org/merge-descriptors/-/merge-descriptors-1.0.1.tgz",
			"integrity": "sha1-sAqqVW3YtEVoFQ7J0blT8/kMu2E="
		},
		"methods": {
			"version": "1.1.2",
			"resolved": "https://registry.npmjs.org/methods/-/methods-1.1.2.tgz",
			"integrity": "sha1-VSmk1nZUE07cxSZmVoNbD4Ua/O4="
		},
		"mime": {
			"version": "1.4.1",
			"resolved": "https://registry.npmjs.org/mime/-/mime-1.4.1.tgz",
			"integrity": "sha512-KI1+qOZu5DcW6wayYHSzR/tXKCDC5Om4s1z2QJjDULzLcmf3DvzS7oluY4HCTrc+9FiKmWUgeNLg7W3uIQvxtQ=="
		},
		"mime-db": {
			"version": "1.33.0",
			"resolved": "https://registry.npmjs.org/mime-db/-/mime-db-1.33.0.tgz",
			"integrity": "sha512-BHJ/EKruNIqJf/QahvxwQZXKygOQ256myeN/Ew+THcAa5q+PjyTTMMeNQC4DZw5AwfvelsUrA6B67NKMqXDbzQ=="
		},
		"mime-types": {
			"version": "2.1.18",
			"resolved": "https://registry.npmjs.org/mime-types/-/mime-types-2.1.18.tgz",
			"integrity": "sha512-lc/aahn+t4/SWV/qcmumYjymLsWfN3ELhpmVuUFjgsORruuZPVSwAQryq+HHGvO/SI2KVX26bx+En+zhM8g8hQ==",
			"requires": {
				"mime-db": "1.33.0"
			}
		},
		"ms": {
			"version": "2.0.0",
			"resolved": "https://registry.npmjs.org/ms/-/ms-2.0.0.tgz",
			"integrity": "sha1-VgiurfwAvmwpAd9fmGF4jeDVl8g="
		},
		"negotiator": {
			"version": "0.6.1",
			"resolved": "https://registry.npmjs.org/negotiator/-/negotiator-0.6.1.tgz",
			"integrity": "sha1-KzJxhOiZIQEXeyhWP7XnECrNDKk="
		},
		"node-int64": {
			"version": "0.4.0",
			"resolved": "https://registry.npmjs.org/node-int64/-/node-int64-0.4.0.tgz",
			"integrity": "sha1-h6kGXNs1XTGC2PlM4RGIuCXGijs="
		},
		"nodejs-websocket": {
			"version": "1.7.1",
			"resolved": "https://registry.npmjs.org/nodejs-websocket/-/nodejs-websocket-1.7.1.tgz",
			"integrity": "sha1-zM+7qCO/HPqWgPFoq3q1MSHkhBA="
		},
		"object-component": {
			"version": "0.0.3",
			"resolved": "https://registry.npmjs.org/object-component/-/object-component-0.0.3.tgz",
			"integrity": "sha1-8MaapQ78lbhmwYb0AKM3acsvEpE="
		},
		"on-finished": {
			"version": "2.3.0",
			"resolved": "https://registry.npmjs.org/on-finished/-/on-finished-2.3.0.tgz",
			"integrity": "sha1-IPEzZIGwg811M3mSoWlxqi2QaUc=",
			"requires": {
				"ee-first": "1.1.1"
			}
		},
		"parseqs": {
			"version": "0.0.5",
			"resolved": "https://registry.npmjs.org/parseqs/-/parseqs-0.0.5.tgz",
			"integrity": "sha1-1SCKNzjkZ2bikbouoXNoSSGouJ0=",
			"requires": {
				"better-assert": "1.0.2"
			}
		},
		"parseuri": {
			"version": "0.0.5",
			"resolved": "https://registry.npmjs.org/parseuri/-/parseuri-0.0.5.tgz",
			"integrity": "sha1-gCBKUNTbt3m/3G6+J3jZDkvOMgo=",
			"requires": {
				"better-assert": "1.0.2"
			}
		},
		"parseurl": {
			"version": "1.3.2",
			"resolved": "https://registry.npmjs.org/parseurl/-/parseurl-1.3.2.tgz",
			"integrity": "sha1-/CidTtiZMRlGDBViUyYs3I3mW/M="
		},
		"path-to-regexp": {
			"version": "0.1.7",
			"resolved": "https://registry.npmjs.org/path-to-regexp/-/path-to-regexp-0.1.7.tgz",
			"integrity": "sha1-32BBeABfUi8V60SQ5yR6G/qmf4w="
		},
		"process-nextick-args": {
			"version": "2.0.0",
			"resolved": "https://registry.npmjs.org/process-nextick-args/-/process-nextick-args-2.0.0.tgz",
			"integrity": "sha512-MtEC1TqN0EU5nephaJ4rAtThHtC86dNN9qCuEhtshvpVBkAW5ZO7BASN9REnF9eoXGcRub+pFuKEpOHE+HbEMw=="
		},
		"proxy-addr": {
			"version": "2.0.2",
			"resolved": "https://registry.npmjs.org/proxy-addr/-/proxy-addr-2.0.2.tgz",
			"integrity": "sha1-ZXFQT0e7mI7IGAJT+F3X4UlSvew=",
			"requires": {
				"forwarded": "0.1.2",
				"ipaddr.js": "1.5.2"
			}
		},
		"qs": {
			"version": "6.5.1",
			"resolved": "https://registry.npmjs.org/qs/-/qs-6.5.1.tgz",
			"integrity": "sha512-eRzhrN1WSINYCDCbrz796z37LOe3m5tmW7RQf6oBntukAG1nmovJvhnwHHRMAfeoItc1m2Hk02WER2aQ/iqs+A=="
		},
		"range-parser": {
			"version": "1.2.0",
			"resolved": "https://registry.npmjs.org/range-parser/-/range-parser-1.2.0.tgz",
			"integrity": "sha1-9JvmtIeJTdxA3MlKMi9hEJLgDV4="
		},
		"raw-body": {
			"version": "2.3.2",
			"resolved": "https://registry.npmjs.org/raw-body/-/raw-body-2.3.2.tgz",
			"integrity": "sha1-vNYMd9Prk83gBQKVw/N5OJvIj4k=",
			"requires": {
				"bytes": "3.0.0",
				"http-errors": "1.6.2",
				"iconv-lite": "0.4.19",
				"unpipe": "1.0.0"
			}
		},
		"readable-stream": {
			"version": "2.3.4",
			"resolved": "https://registry.npmjs.org/readable-stream/-/readable-stream-2.3.4.tgz",
			"integrity": "sha512-vuYxeWYM+fde14+rajzqgeohAI7YoJcHE7kXDAc4Nk0EbuKnJfqtY9YtRkLo/tqkuF7MsBQRhPnPeyjYITp3ZQ==",
			"requires": {
				"core-util-is": "1.0.2",
				"inherits": "2.0.3",
				"isarray": "1.0.0",
				"process-nextick-args": "2.0.0",
				"safe-buffer": "5.1.1",
				"string_decoder": "1.0.3",
				"util-deprecate": "1.0.2"
			}
		},
		"safe-buffer": {
			"version": "5.1.1",
			"resolved": "https://registry.npmjs.org/safe-buffer/-/safe-buffer-5.1.1.tgz",
			"integrity": "sha512-kKvNJn6Mm93gAczWVJg7wH+wGYWNrDHdWvpUmHyEsgCtIwwo3bqPtV4tR5tuPaUhTOo/kvhVwd8XwwOllGYkbg=="
		},
		"send": {
			"version": "0.16.1",
			"resolved": "https://registry.npmjs.org/send/-/send-0.16.1.tgz",
			"integrity": "sha512-ElCLJdJIKPk6ux/Hocwhk7NFHpI3pVm/IZOYWqUmoxcgeyM+MpxHHKhb8QmlJDX1pU6WrgaHBkVNm73Sv7uc2A==",
			"requires": {
				"debug": "2.6.9",
				"depd": "1.1.2",
				"destroy": "1.0.4",
				"encodeurl": "1.0.2",
				"escape-html": "1.0.3",
				"etag": "1.8.1",
				"fresh": "0.5.2",
				"http-errors": "1.6.2",
				"mime": "1.4.1",
				"ms": "2.0.0",
				"on-finished": "2.3.0",
				"range-parser": "1.2.0",
				"statuses": "1.3.1"
			}
		},
		"serve-static": {
			"version": "1.13.1",
			"resolved": "https://registry.npmjs.org/serve-static/-/serve-static-1.13.1.tgz",
			"integrity": "sha512-hSMUZrsPa/I09VYFJwa627JJkNs0NrfL1Uzuup+GqHfToR2KcsXFymXSV90hoyw3M+msjFuQly+YzIH/q0MGlQ==",
			"requires": {
				"encodeurl": "1.0.2",
				"escape-html": "1.0.3",
				"parseurl": "1.3.2",
				"send": "0.16.1"
			}
		},
		"setprototypeof": {
			"version": "1.1.0",
			"resolved": "https://registry.npmjs.org/setprototypeof/-/setprototypeof-1.1.0.tgz",
			"integrity": "sha512-BvE/TwpZX4FXExxOxZyRGQQv651MSwmWKZGqvmPcRIjDqWub67kTKuIMx43cZZrS/cBBzwBcNDWoFxt2XEFIpQ=="
		},
		"socket.io": {
			"version": "2.0.4",
			"resolved": "https://registry.npmjs.org/socket.io/-/socket.io-2.0.4.tgz",
			"integrity": "sha1-waRZDO/4fs8TxyZS8Eb3FrKeYBQ=",
			"requires": {
				"debug": "2.6.9",
				"engine.io": "3.1.5",
				"socket.io-adapter": "1.1.1",
				"socket.io-client": "2.0.4",
				"socket.io-parser": "3.1.2"
			}
		},
		"socket.io-adapter": {
			"version": "1.1.1",
			"resolved": "https://registry.npmjs.org/socket.io-adapter/-/socket.io-adapter-1.1.1.tgz",
			"integrity": "sha1-KoBeihTWNyEk3ZFZrUUC+MsH8Gs="
		},
		"socket.io-client": {
			"version": "2.0.4",
			"resolved": "https://registry.npmjs.org/socket.io-client/-/socket.io-client-2.0.4.tgz",
			"integrity": "sha1-CRilUkBtxeVAs4Dc2Xr8SmQzL44=",
			"requires": {
				"backo2": "1.0.2",
				"base64-arraybuffer": "0.1.5",
				"component-bind": "1.0.0",
				"component-emitter": "1.2.1",
				"debug": "2.6.9",
				"engine.io-client": "3.1.5",
				"has-cors": "1.1.0",
				"indexof": "0.0.1",
				"object-component": "0.0.3",
				"parseqs": "0.0.5",
				"parseuri": "0.0.5",
				"socket.io-parser": "3.1.2",
				"to-array": "0.1.4"
			}
		},
		"socket.io-parser": {
			"version": "3.1.2",
			"resolved": "https://registry.npmjs.org/socket.io-parser/-/socket.io-parser-3.1.2.tgz",
			"integrity": "sha1-28IoIVH8T6675Aru3Ady66YZ9/I=",
			"requires": {
				"component-emitter": "1.2.1",
				"debug": "2.6.9",
				"has-binary2": "1.0.2",
				"isarray": "2.0.1"
			},
			"dependencies": {
				"isarray": {
					"version": "2.0.1",
					"resolved": "https://registry.npmjs.org/isarray/-/isarray-2.0.1.tgz",
					"integrity": "sha1-o32U7ZzaLVmGXJ92/llu4fM4dB4="
				}
			}
		},
		"stately.js": {
			"version": "1.3.0",
			"resolved": "https://registry.npmjs.org/stately.js/-/stately.js-1.3.0.tgz",
			"integrity": "sha1-UtDRwVKgaaZ8sUUDrF3c24vh13c="
		},
		"statuses": {
			"version": "1.3.1",
			"resolved": "https://registry.npmjs.org/statuses/-/statuses-1.3.1.tgz",
			"integrity": "sha1-+vUbnrdKrvOzrPStX2Gr8ky3uT4="
		},
		"string_decoder": {
			"version": "1.0.3",
			"resolved": "https://registry.npmjs.org/string_decoder/-/string_decoder-1.0.3.tgz",
			"integrity": "sha512-4AH6Z5fzNNBcH+6XDMfA/BTt87skxqJlO0lAh3Dker5zThcAxG6mKz+iGu308UKoPPQ8Dcqx/4JhujzltRa+hQ==",
			"requires": {
				"safe-buffer": "5.1.1"
			}
		},
		"to-array": {
			"version": "0.1.4",
			"resolved": "https://registry.npmjs.org/to-array/-/to-array-0.1.4.tgz",
			"integrity": "sha1-F+bBH3PdTz10zaek/zI46a2b+JA="
		},
		"type-is": {
			"version": "1.6.16",
			"resolved": "https://registry.npmjs.org/type-is/-/type-is-1.6.16.tgz",
			"integrity": "sha512-HRkVv/5qY2G6I8iab9cI7v1bOIdhm94dVjQCPFElW9W+3GeDOSHmy2EBYe4VTApuzolPcmgFTN3ftVJRKR2J9Q==",
			"requires": {
				"media-typer": "0.3.0",
				"mime-types": "2.1.18"
			}
		},
		"ultron": {
			"version": "1.1.1",
			"resolved": "https://registry.npmjs.org/ultron/-/ultron-1.1.1.tgz",
			"integrity": "sha512-UIEXBNeYmKptWH6z8ZnqTeS8fV74zG0/eRU9VGkpzz+LIJNs8W/zM/L+7ctCkRrgbNnnR0xxw4bKOr0cW0N0Og=="
		},
		"unpipe": {
			"version": "1.0.0",
			"resolved": "https://registry.npmjs.org/unpipe/-/unpipe-1.0.0.tgz",
			"integrity": "sha1-sr9O6FFKrmFltIF4KdIbLvSZBOw="
		},
		"util-deprecate": {
			"version": "1.0.2",
			"resolved": "https://registry.npmjs.org/util-deprecate/-/util-deprecate-1.0.2.tgz",
			"integrity": "sha1-RQ1Nyfpw3nMnYvvS1KKJgUGaDM8="
		},
		"utils-merge": {
			"version": "1.0.1",
			"resolved": "https://registry.npmjs.org/utils-merge/-/utils-merge-1.0.1.tgz",
			"integrity": "sha1-n5VxD1CiZ5R7LMwSR0HBAoQn5xM="
		},
		"uuid": {
			"version": "3.2.1",
			"resolved": "https://registry.npmjs.org/uuid/-/uuid-3.2.1.tgz",
			"integrity": "sha512-jZnMwlb9Iku/O3smGWvZhauCf6cvvpKi4BKRiliS3cxnI+Gz9j5MEpTz2UFuXiKPJocb7gnsLHwiS05ige5BEA=="
		},
		"uws": {
			"version": "9.14.0",
			"resolved": "https://registry.npmjs.org/uws/-/uws-9.14.0.tgz",
			"integrity": "sha512-HNMztPP5A1sKuVFmdZ6BPVpBQd5bUjNC8EFMFiICK+oho/OQsAJy5hnIx4btMHiOk8j04f/DbIlqnEZ9d72dqg==",
			"optional": true
		},
		"vary": {
			"version": "1.1.2",
			"resolved": "https://registry.npmjs.org/vary/-/vary-1.1.2.tgz",
			"integrity": "sha1-IpnwLG3tMNSllhsLn3RSShj2NPw="
		},
		"ws": {
			"version": "3.3.3",
			"resolved": "https://registry.npmjs.org/ws/-/ws-3.3.3.tgz",
			"integrity": "sha512-nnWLa/NwZSt4KQJu51MYlCcSQ5g7INpOrOMt4XV8j4dqTXdmlUmSHQ8/oLC069ckre0fRsgfvsKwbTdtKLCDkA==",
			"requires": {
				"async-limiter": "1.0.0",
				"safe-buffer": "5.1.1",
				"ultron": "1.1.1"
			}
		},
		"xmlhttprequest-ssl": {
			"version": "1.5.5",
			"resolved": "https://registry.npmjs.org/xmlhttprequest-ssl/-/xmlhttprequest-ssl-1.5.5.tgz",
			"integrity": "sha1-wodrBhaKrcQOV9l+gRkayPQ5iz4="
		},
		"yeast": {
			"version": "0.1.2",
			"resolved": "https://registry.npmjs.org/yeast/-/yeast-0.1.2.tgz",
			"integrity": "sha1-AI4G2AlDIMNy28L47XagymyKxBk="
		}
	}
}
